
Microsoft Visual Studio Solution File, Format Version 12.00
# Visual Studio Version 16
VisualStudioVersion = 16.0.31829.152
MinimumVisualStudioVersion = 10.0.40219.1
Project("{9A19103F-16F7-4668-BE54-9A1E7A4F7556}") = "Variables", "Variables\Variables.csproj", "{D6B92AB0-5018-49F4-8EE1-F25B3719D8F0}"
EndProject
Project("{9A19103F-16F7-4668-BE54-9A1E7A4F7556}") = "Operators", "Operators\Operators.csproj", "{60F4A546-0C98-4145-BC25-1CD7F168B847}"
EndProject
Project("{9A19103F-16F7-4668-BE54-9A1E7A4F7556}") = "TypeConversions", "TypeConversions\TypeConversions.csproj", "{928064A9-22BC-430C-B717-11F0D9F1EB16}"
EndProject
Project("{9A19103F-16F7-4668-BE54-9A1E7A4F7556}") = "ExceptionHandling", "ExceptionHandling\ExceptionHandling.csproj", "{489031C6-E048-4768-A70A-A996C4DC7385}"
EndProject
Project("{9A19103F-16F7-4668-BE54-9A1E7A4F7556}") = "IfElse", "IfElse\IfElse.csproj", "{44A575D3-2BAC-4542-8469-AF237C39C4C5}"
EndProject
Project("{9A19103F-16F7-4668-BE54-9A1E7A4F7556}") = "SwitchCase", "SwitchCase\SwitchCase.csproj", "{9EF1F24A-85EE-4090-8C3A-DB15FA6B4D6D}"
EndProject
Project("{9A19103F-16F7-4668-BE54-9A1E7A4F7556}") = "ForLoopBreakContinue", "ForLoopBreakContinue\ForLoopBreakContinue.csproj", "{6A3944BD-107A-42B1-950C-81325F9B4A9A}"
EndProject
Project("{9A19103F-16F7-4668-BE54-9A1E7A4F7556}") = "While-Foreach", "While-Foreach\While-Foreach.csproj", "{7EAFF27A-B102-4D91-AD0A-300181FCC7B2}"
EndProject
Project("{9A19103F-16F7-4668-BE54-9A1E7A4F7556}") = "Arrays", "Arrays\Arrays.csproj", "{7375A38D-AB4F-43F9-AC0B-F9626311A3D6}"
EndProject
Project("{9A19103F-16F7-4668-BE54-9A1E7A4F7556}") = "ArrayMethods", "ArrayMethods\ArrayMethods.csproj", "{3382DE96-F660-4C6A-BEDD-78073A28BD1B}"
EndProject
Project("{9A19103F-16F7-4668-BE54-9A1E7A4F7556}") = "Methods", "Methods\Methods.csproj", "{75165FCD-1615-4DFE-A728-7A08D493B167}"
EndProject
Project("{9A19103F-16F7-4668-BE54-9A1E7A4F7556}") = "MethodOverloading", "MethodOverloading\MethodOverloading.csproj", "{D71A1ED8-7275-48DB-86B1-0EBDCC281136}"
EndProject
Project("{9A19103F-16F7-4668-BE54-9A1E7A4F7556}") = "Recursive-ExtensionMethods", "Recursive-ExtensionMethods\Recursive-ExtensionMethods.csproj", "{FF39D9DD-B1A6-4F91-BFB9-F65AD4452442}"
EndProject
Project("{2150E333-8FDC-42A3-9474-1A3956D46DE8}") = "Homework1", "Homework1", "{7AA137DB-0FE5-45AE-918D-94726B96ADDF}"
EndProject
Project("{FAE04EC0-301F-11D3-BF4B-00C04F79EFBC}") = "question1", "question1\question1.csproj", "{287E7812-F973-4A6D-99CD-1C9429EDC97F}"
EndProject
Project("{FAE04EC0-301F-11D3-BF4B-00C04F79EFBC}") = "question2", "question2\question2.csproj", "{D70ACE6C-F96C-4E26-BBE9-CA49CACBE429}"
EndProject
Global
	GlobalSection(SolutionConfigurationPlatforms) = preSolution
		Debug|Any CPU = Debug|Any CPU
		Release|Any CPU = Release|Any CPU
	EndGlobalSection
	GlobalSection(ProjectConfigurationPlatforms) = postSolution
		{D6B92AB0-5018-49F4-8EE1-F25B3719D8F0}.Debug|Any CPU.ActiveCfg = Debug|Any CPU
		{D6B92AB0-5018-49F4-8EE1-F25B3719D8F0}.Debug|Any CPU.Build.0 = Debug|Any CPU
		{D6B92AB0-5018-49F4-8EE1-F25B3719D8F0}.Release|Any CPU.ActiveCfg = Release|Any CPU
		{D6B92AB0-5018-49F4-8EE1-F25B3719D8F0}.Release|Any CPU.Build.0 = Release|Any CPU
		{60F4A546-0C98-4145-BC25-1CD7F168B847}.Debug|Any CPU.ActiveCfg = Debug|Any CPU
		{60F4A546-0C98-4145-BC25-1CD7F168B847}.Debug|Any CPU.Build.0 = Debug|Any CPU
		{60F4A546-0C98-4145-BC25-1CD7F168B847}.Release|Any CPU.ActiveCfg = Release|Any CPU
		{60F4A546-0C98-4145-BC25-1CD7F168B847}.Release|Any CPU.Build.0 = Release|Any CPU
		{928064A9-22BC-430C-B717-11F0D9F1EB16}.Debug|Any CPU.ActiveCfg = Debug|Any CPU
		{928064A9-22BC-430C-B717-11F0D9F1EB16}.Debug|Any CPU.Build.0 = Debug|Any CPU
		{928064A9-22BC-430C-B717-11F0D9F1EB16}.Release|Any CPU.ActiveCfg = Release|Any CPU
		{928064A9-22BC-430C-B717-11F0D9F1EB16}.Release|Any CPU.Build.0 = Release|Any CPU
		{489031C6-E048-4768-A70A-A996C4DC7385}.Debug|Any CPU.ActiveCfg = Debug|Any CPU
		{489031C6-E048-4768-A70A-A996C4DC7385}.Debug|Any CPU.Build.0 = Debug|Any CPU
		{489031C6-E048-4768-A70A-A996C4DC7385}.Release|Any CPU.ActiveCfg = Release|Any CPU
		{489031C6-E048-4768-A70A-A996C4DC7385}.Release|Any CPU.Build.0 = Release|Any CPU
		{44A575D3-2BAC-4542-8469-AF237C39C4C5}.Debug|Any CPU.ActiveCfg = Debug|Any CPU
		{44A575D3-2BAC-4542-8469-AF237C39C4C5}.Debug|Any CPU.Build.0 = Debug|Any CPU
		{44A575D3-2BAC-4542-8469-AF237C39C4C5}.Release|Any CPU.ActiveCfg = Release|Any CPU
		{44A575D3-2BAC-4542-8469-AF237C39C4C5}.Release|Any CPU.Build.0 = Release|Any CPU
		{9EF1F24A-85EE-4090-8C3A-DB15FA6B4D6D}.Debug|Any CPU.ActiveCfg = Debug|Any CPU
		{9EF1F24A-85EE-4090-8C3A-DB15FA6B4D6D}.Debug|Any CPU.Build.0 = Debug|Any CPU
		{9EF1F24A-85EE-4090-8C3A-DB15FA6B4D6D}.Release|Any CPU.ActiveCfg = Release|Any CPU
		{9EF1F24A-85EE-4090-8C3A-DB15FA6B4D6D}.Release|Any CPU.Build.0 = Release|Any CPU
		{6A3944BD-107A-42B1-950C-81325F9B4A9A}.Debug|Any CPU.ActiveCfg = Debug|Any CPU
		{6A3944BD-107A-42B1-950C-81325F9B4A9A}.Debug|Any CPU.Build.0 = Debug|Any CPU
		{6A3944BD-107A-42B1-950C-81325F9B4A9A}.Release|Any CPU.ActiveCfg = Release|Any CPU
		{6A3944BD-107A-42B1-950C-81325F9B4A9A}.Release|Any CPU.Build.0 = Release|Any CPU
		{7EAFF27A-B102-4D91-AD0A-300181FCC7B2}.Debug|Any CPU.ActiveCfg = Debug|Any CPU
		{7EAFF27A-B102-4D91-AD0A-300181FCC7B2}.Debug|Any CPU.Build.0 = Debug|Any CPU
		{7EAFF27A-B102-4D91-AD0A-300181FCC7B2}.Release|Any CPU.ActiveCfg = Release|Any CPU
		{7EAFF27A-B102-4D91-AD0A-300181FCC7B2}.Release|Any CPU.Build.0 = Release|Any CPU
		{7375A38D-AB4F-43F9-AC0B-F9626311A3D6}.Debug|Any CPU.ActiveCfg = Debug|Any CPU
		{7375A38D-AB4F-43F9-AC0B-F9626311A3D6}.Debug|Any CPU.Build.0 = Debug|Any CPU
		{7375A38D-AB4F-43F9-AC0B-F9626311A3D6}.Release|Any CPU.ActiveCfg = Release|Any CPU
		{7375A38D-AB4F-43F9-AC0B-F9626311A3D6}.Release|Any CPU.Build.0 = Release|Any CPU
		{3382DE96-F660-4C6A-BEDD-78073A28BD1B}.Debug|Any CPU.ActiveCfg = Debug|Any CPU
		{3382DE96-F660-4C6A-BEDD-78073A28BD1B}.Debug|Any CPU.Build.0 = Debug|Any CPU
		{3382DE96-F660-4C6A-BEDD-78073A28BD1B}.Release|Any CPU.ActiveCfg = Release|Any CPU
		{3382DE96-F660-4C6A-BEDD-78073A28BD1B}.Release|Any CPU.Build.0 = Release|Any CPU
		{75165FCD-1615-4DFE-A728-7A08D493B167}.Debug|Any CPU.ActiveCfg = Debug|Any CPU
		{75165FCD-1615-4DFE-A728-7A08D493B167}.Debug|Any CPU.Build.0 = Debug|Any CPU
		{75165FCD-1615-4DFE-A728-7A08D493B167}.Release|Any CPU.ActiveCfg = Release|Any CPU
		{75165FCD-1615-4DFE-A728-7A08D493B167}.Release|Any CPU.Build.0 = Release|Any CPU
		{D71A1ED8-7275-48DB-86B1-0EBDCC281136}.Debug|Any CPU.ActiveCfg = Debug|Any CPU
		{D71A1ED8-7275-48DB-86B1-0EBDCC281136}.Debug|Any CPU.Build.0 = Debug|Any CPU
		{D71A1ED8-7275-48DB-86B1-0EBDCC281136}.Release|Any CPU.ActiveCfg = Release|Any CPU
		{D71A1ED8-7275-48DB-86B1-0EBDCC281136}.Release|Any CPU.Build.0 = Release|Any CPU
		{FF39D9DD-B1A6-4F91-BFB9-F65AD4452442}.Debug|Any CPU.ActiveCfg = Debug|Any CPU
		{FF39D9DD-B1A6-4F91-BFB9-F65AD4452442}.Debug|Any CPU.Build.0 = Debug|Any CPU
		{FF39D9DD-B1A6-4F91-BFB9-F65AD4452442}.Release|Any CPU.ActiveCfg = Release|Any CPU
		{FF39D9DD-B1A6-4F91-BFB9-F65AD4452442}.Release|Any CPU.Build.0 = Release|Any CPU
		{287E7812-F973-4A6D-99CD-1C9429EDC97F}.Debug|Any CPU.ActiveCfg = Debug|Any CPU
		{287E7812-F973-4A6D-99CD-1C9429EDC97F}.Debug|Any CPU.Build.0 = Debug|Any CPU
		{287E7812-F973-4A6D-99CD-1C9429EDC97F}.Release|Any CPU.ActiveCfg = Release|Any CPU
		{287E7812-F973-4A6D-99CD-1C9429EDC97F}.Release|Any CPU.Build.0 = Release|Any CPU
		{D70ACE6C-F96C-4E26-BBE9-CA49CACBE429}.Debug|Any CPU.ActiveCfg = Debug|Any CPU
		{D70ACE6C-F96C-4E26-BBE9-CA49CACBE429}.Debug|Any CPU.Build.0 = Debug|Any CPU
		{D70ACE6C-F96C-4E26-BBE9-CA49CACBE429}.Release|Any CPU.ActiveCfg = Release|Any CPU
		{D70ACE6C-F96C-4E26-BBE9-CA49CACBE429}.Release|Any CPU.Build.0 = Release|Any CPU
	EndGlobalSection
	GlobalSection(SolutionProperties) = preSolution
		HideSolutionNode = FALSE
	EndGlobalSection
	GlobalSection(NestedProjects) = preSolution
		{287E7812-F973-4A6D-99CD-1C9429EDC97F} = {7AA137DB-0FE5-45AE-918D-94726B96ADDF}
		{D70ACE6C-F96C-4E26-BBE9-CA49CACBE429} = {7AA137DB-0FE5-45AE-918D-94726B96ADDF}
	EndGlobalSection
	GlobalSection(ExtensibilityGlobals) = postSolution
		SolutionGuid = {B7C672AE-1C57-4B41-A1C9-13C1CEB0BE7E}
	EndGlobalSection
EndGlobal
